
Microsoft Visual Studio Solution File, Format Version 12.00
# Visual Studio Version 16
VisualStudioVersion = 16.0.31729.503
MinimumVisualStudioVersion = 10.0.40219.1
Project("{9A19103F-16F7-4668-BE54-9A1E7A4F7556}") = "Image2Storage", "Image2Storage\Image2Storage.csproj", "{7FC2E463-74B7-4BAC-8965-018694286724}"
EndProject
Project("{FAE04EC0-301F-11D3-BF4B-00C04F79EFBC}") = "ShashiForecast", "ShashiForecast\ShashiForecast.csproj", "{BAED9DDE-F63E-4A11-933C-14F3A4EDB87B}"
EndProject
Global
	GlobalSection(SolutionConfigurationPlatforms) = preSolution
		Debug|Any CPU = Debug|Any CPU
		Release|Any CPU = Release|Any CPU
	EndGlobalSection
	GlobalSection(ProjectConfigurationPlatforms) = postSolution
		{7FC2E463-74B7-4BAC-8965-018694286724}.Debug|Any CPU.ActiveCfg = Debug|Any CPU
		{7FC2E463-74B7-4BAC-8965-018694286724}.Debug|Any CPU.Build.0 = Debug|Any CPU
		{7FC2E463-74B7-4BAC-8965-018694286724}.Release|Any CPU.ActiveCfg = Release|Any CPU
		{7FC2E463-74B7-4BAC-8965-018694286724}.Release|Any CPU.Build.0 = Release|Any CPU
		{BAED9DDE-F63E-4A11-933C-14F3A4EDB87B}.Debug|Any CPU.ActiveCfg = Debug|Any CPU
		{BAED9DDE-F63E-4A11-933C-14F3A4EDB87B}.Debug|Any CPU.Build.0 = Debug|Any CPU
		{BAED9DDE-F63E-4A11-933C-14F3A4EDB87B}.Release|Any CPU.ActiveCfg = Release|Any CPU
		{BAED9DDE-F63E-4A11-933C-14F3A4EDB87B}.Release|Any CPU.Build.0 = Release|Any CPU
	EndGlobalSection
	GlobalSection(SolutionProperties) = preSolution
		HideSolutionNode = FALSE
	EndGlobalSection
	GlobalSection(ExtensibilityGlobals) = postSolution
		SolutionGuid = {EE667E1E-20B1-4331-8C08-5B194F3CA2EB}
	EndGlobalSection
EndGlobal
